// !$*UTF8*$!
{
	archiveVersion = 1;
	classes = {
	};
	objectVersion = 56;
	objects = {

/* Begin PBXBuildFile section */
		5177C06C2D3ECD4700BF51C4 /* WeatherTrackerApp.swift in Sources */ = {isa = PBXBuildFile; fileRef = 5177C06B2D3ECD4700BF51C4 /* WeatherTrackerApp.swift */; };
		5177C0702D3ECD4800BF51C4 /* Assets.xcassets in Resources */ = {isa = PBXBuildFile; fileRef = 5177C06F2D3ECD4800BF51C4 /* Assets.xcassets */; };
		5177C0732D3ECD4800BF51C4 /* Preview Assets.xcassets in Resources */ = {isa = PBXBuildFile; fileRef = 5177C0722D3ECD4800BF51C4 /* Preview Assets.xcassets */; };
		5177C07D2D3ECD4800BF51C4 /* WeatherTrackerTests.swift in Sources */ = {isa = PBXBuildFile; fileRef = 5177C07C2D3ECD4800BF51C4 /* WeatherTrackerTests.swift */; };
		5177C0872D3ECD4800BF51C4 /* WeatherTrackerUITests.swift in Sources */ = {isa = PBXBuildFile; fileRef = 5177C0862D3ECD4800BF51C4 /* WeatherTrackerUITests.swift */; };
		5177C0892D3ECD4800BF51C4 /* WeatherTrackerUITestsLaunchTests.swift in Sources */ = {isa = PBXBuildFile; fileRef = 5177C0882D3ECD4800BF51C4 /* WeatherTrackerUITestsLaunchTests.swift */; };
		5177C0972D3ECF4A00BF51C4 /* WeatherProviderAPI.swift in Sources */ = {isa = PBXBuildFile; fileRef = 5177C0962D3ECF4A00BF51C4 /* WeatherProviderAPI.swift */; };
		5177C09A2D3ED13100BF51C4 /* WeatherResponse.swift in Sources */ = {isa = PBXBuildFile; fileRef = 5177C0992D3ED13100BF51C4 /* WeatherResponse.swift */; };
		5177C09C2D3ED41400BF51C4 /* NetworkError.swift in Sources */ = {isa = PBXBuildFile; fileRef = 5177C09B2D3ED41400BF51C4 /* NetworkError.swift */; };
		5177C0A12D3ED9DB00BF51C4 /* WeatherView.swift in Sources */ = {isa = PBXBuildFile; fileRef = 5177C0A02D3ED9DB00BF51C4 /* WeatherView.swift */; };
		5177C0A32D3EDA1F00BF51C4 /* WeatherViewModel.swift in Sources */ = {isa = PBXBuildFile; fileRef = 5177C0A22D3EDA1F00BF51C4 /* WeatherViewModel.swift */; };
		5177C0A62D3EDA9500BF51C4 /* NoCitySelectedView.swift in Sources */ = {isa = PBXBuildFile; fileRef = 5177C0A52D3EDA9500BF51C4 /* NoCitySelectedView.swift */; };
		5177C0A92D3EDF2200BF51C4 /* CityWeatherView.swift in Sources */ = {isa = PBXBuildFile; fileRef = 5177C0A82D3EDF2200BF51C4 /* CityWeatherView.swift */; };
		5177C0AC2D3EE8CF00BF51C4 /* CitySearchView.swift in Sources */ = {isa = PBXBuildFile; fileRef = 5177C0AB2D3EE8CF00BF51C4 /* CitySearchView.swift */; };
		5177C0AE2D3EE8DC00BF51C4 /* CitySearchCard.swift in Sources */ = {isa = PBXBuildFile; fileRef = 5177C0AD2D3EE8DC00BF51C4 /* CitySearchCard.swift */; };
		5177C0B12D3EE9E300BF51C4 /* WeatherIconView.swift in Sources */ = {isa = PBXBuildFile; fileRef = 5177C0B02D3EE9E300BF51C4 /* WeatherIconView.swift */; };
		5177C0B82D3EFD0E00BF51C4 /* Color+Extensions.swift in Sources */ = {isa = PBXBuildFile; fileRef = 5177C0B72D3EFD0E00BF51C4 /* Color+Extensions.swift */; };
		5177C0BC2D3F009E00BF51C4 /* WeatherValueStack.swift in Sources */ = {isa = PBXBuildFile; fileRef = 5177C0BB2D3F009E00BF51C4 /* WeatherValueStack.swift */; };
		5177C0BE2D3F04BB00BF51C4 /* ErrorView.swift in Sources */ = {isa = PBXBuildFile; fileRef = 5177C0BD2D3F04BB00BF51C4 /* ErrorView.swift */; };
		5177C0C32D3F0B9200BF51C4 /* WeatherTrackerText.swift in Sources */ = {isa = PBXBuildFile; fileRef = 5177C0C22D3F0B9200BF51C4 /* WeatherTrackerText.swift */; };
		5177C0EF2D3FFCF100BF51C4 /* NetworkService.swift in Sources */ = {isa = PBXBuildFile; fileRef = 5177C0EE2D3FFCF100BF51C4 /* NetworkService.swift */; };
/* End PBXBuildFile section */

/* Begin PBXContainerItemProxy section */
		5177C0792D3ECD4800BF51C4 /* PBXContainerItemProxy */ = {
			isa = PBXContainerItemProxy;
			containerPortal = 5177C0602D3ECD4700BF51C4 /* Project object */;
			proxyType = 1;
			remoteGlobalIDString = 5177C0672D3ECD4700BF51C4;
			remoteInfo = WeatherTracker;
		};
		5177C0832D3ECD4800BF51C4 /* PBXContainerItemProxy */ = {
			isa = PBXContainerItemProxy;
			containerPortal = 5177C0602D3ECD4700BF51C4 /* Project object */;
			proxyType = 1;
			remoteGlobalIDString = 5177C0672D3ECD4700BF51C4;
			remoteInfo = WeatherTracker;
		};
/* End PBXContainerItemProxy section */

/* Begin PBXFileReference section */
		5177C0682D3ECD4700BF51C4 /* WeatherTracker.app */ = {isa = PBXFileReference; explicitFileType = wrapper.application; includeInIndex = 0; path = WeatherTracker.app; sourceTree = BUILT_PRODUCTS_DIR; };
		5177C06B2D3ECD4700BF51C4 /* WeatherTrackerApp.swift */ = {isa = PBXFileReference; lastKnownFileType = sourcecode.swift; path = WeatherTrackerApp.swift; sourceTree = "<group>"; };
		5177C06F2D3ECD4800BF51C4 /* Assets.xcassets */ = {isa = PBXFileReference; lastKnownFileType = folder.assetcatalog; path = Assets.xcassets; sourceTree = "<group>"; };
		5177C0722D3ECD4800BF51C4 /* Preview Assets.xcassets */ = {isa = PBXFileReference; lastKnownFileType = folder.assetcatalog; path = "Preview Assets.xcassets"; sourceTree = "<group>"; };
		5177C0782D3ECD4800BF51C4 /* WeatherTrackerTests.xctest */ = {isa = PBXFileReference; explicitFileType = wrapper.cfbundle; includeInIndex = 0; path = WeatherTrackerTests.xctest; sourceTree = BUILT_PRODUCTS_DIR; };
		5177C07C2D3ECD4800BF51C4 /* WeatherTrackerTests.swift */ = {isa = PBXFileReference; lastKnownFileType = sourcecode.swift; path = WeatherTrackerTests.swift; sourceTree = "<group>"; };
		5177C0822D3ECD4800BF51C4 /* WeatherTrackerUITests.xctest */ = {isa = PBXFileReference; explicitFileType = wrapper.cfbundle; includeInIndex = 0; path = WeatherTrackerUITests.xctest; sourceTree = BUILT_PRODUCTS_DIR; };
		5177C0862D3ECD4800BF51C4 /* WeatherTrackerUITests.swift */ = {isa = PBXFileReference; lastKnownFileType = sourcecode.swift; path = WeatherTrackerUITests.swift; sourceTree = "<group>"; };
		5177C0882D3ECD4800BF51C4 /* WeatherTrackerUITestsLaunchTests.swift */ = {isa = PBXFileReference; lastKnownFileType = sourcecode.swift; path = WeatherTrackerUITestsLaunchTests.swift; sourceTree = "<group>"; };
		5177C0962D3ECF4A00BF51C4 /* WeatherProviderAPI.swift */ = {isa = PBXFileReference; lastKnownFileType = sourcecode.swift; path = WeatherProviderAPI.swift; sourceTree = "<group>"; };
		5177C0992D3ED13100BF51C4 /* WeatherResponse.swift */ = {isa = PBXFileReference; lastKnownFileType = sourcecode.swift; path = WeatherResponse.swift; sourceTree = "<group>"; };
		5177C09B2D3ED41400BF51C4 /* NetworkError.swift */ = {isa = PBXFileReference; lastKnownFileType = sourcecode.swift; path = NetworkError.swift; sourceTree = "<group>"; };
		5177C0A02D3ED9DB00BF51C4 /* WeatherView.swift */ = {isa = PBXFileReference; lastKnownFileType = sourcecode.swift; path = WeatherView.swift; sourceTree = "<group>"; };
		5177C0A22D3EDA1F00BF51C4 /* WeatherViewModel.swift */ = {isa = PBXFileReference; lastKnownFileType = sourcecode.swift; path = WeatherViewModel.swift; sourceTree = "<group>"; };
		5177C0A52D3EDA9500BF51C4 /* NoCitySelectedView.swift */ = {isa = PBXFileReference; lastKnownFileType = sourcecode.swift; path = NoCitySelectedView.swift; sourceTree = "<group>"; };
		5177C0A82D3EDF2200BF51C4 /* CityWeatherView.swift */ = {isa = PBXFileReference; lastKnownFileType = sourcecode.swift; path = CityWeatherView.swift; sourceTree = "<group>"; };
		5177C0AB2D3EE8CF00BF51C4 /* CitySearchView.swift */ = {isa = PBXFileReference; lastKnownFileType = sourcecode.swift; path = CitySearchView.swift; sourceTree = "<group>"; };
		5177C0AD2D3EE8DC00BF51C4 /* CitySearchCard.swift */ = {isa = PBXFileReference; lastKnownFileType = sourcecode.swift; path = CitySearchCard.swift; sourceTree = "<group>"; };
		5177C0B02D3EE9E300BF51C4 /* WeatherIconView.swift */ = {isa = PBXFileReference; lastKnownFileType = sourcecode.swift; path = WeatherIconView.swift; sourceTree = "<group>"; };
		5177C0B72D3EFD0E00BF51C4 /* Color+Extensions.swift */ = {isa = PBXFileReference; lastKnownFileType = sourcecode.swift; path = "Color+Extensions.swift"; sourceTree = "<group>"; };
		5177C0BB2D3F009E00BF51C4 /* WeatherValueStack.swift */ = {isa = PBXFileReference; lastKnownFileType = sourcecode.swift; path = WeatherValueStack.swift; sourceTree = "<group>"; };
		5177C0BD2D3F04BB00BF51C4 /* ErrorView.swift */ = {isa = PBXFileReference; lastKnownFileType = sourcecode.swift; path = ErrorView.swift; sourceTree = "<group>"; };
		5177C0C22D3F0B9200BF51C4 /* WeatherTrackerText.swift */ = {isa = PBXFileReference; lastKnownFileType = sourcecode.swift; path = WeatherTrackerText.swift; sourceTree = "<group>"; };
		5177C0EC2D3F0E4100BF51C4 /* Poppins-Regular.ttf */ = {isa = PBXFileReference; lastKnownFileType = file; path = "Poppins-Regular.ttf"; sourceTree = "<group>"; };
		5177C0ED2D3F0E5100BF51C4 /* Info.plist */ = {isa = PBXFileReference; lastKnownFileType = text.plist; path = Info.plist; sourceTree = "<group>"; };
		5177C0EE2D3FFCF100BF51C4 /* NetworkService.swift */ = {isa = PBXFileReference; lastKnownFileType = sourcecode.swift; path = NetworkService.swift; sourceTree = "<group>"; };
/* End PBXFileReference section */

/* Begin PBXFrameworksBuildPhase section */
		5177C0652D3ECD4700BF51C4 /* Frameworks */ = {
			isa = PBXFrameworksBuildPhase;
			buildActionMask = 2147483647;
			files = (
			);
			runOnlyForDeploymentPostprocessing = 0;
		};
		5177C0752D3ECD4800BF51C4 /* Frameworks */ = {
			isa = PBXFrameworksBuildPhase;
			buildActionMask = 2147483647;
			files = (
			);
			runOnlyForDeploymentPostprocessing = 0;
		};
		5177C07F2D3ECD4800BF51C4 /* Frameworks */ = {
			isa = PBXFrameworksBuildPhase;
			buildActionMask = 2147483647;
			files = (
			);
			runOnlyForDeploymentPostprocessing = 0;
		};
/* End PBXFrameworksBuildPhase section */

/* Begin PBXGroup section */
		5177C05F2D3ECD4700BF51C4 = {
			isa = PBXGroup;
			children = (
				5177C06A2D3ECD4700BF51C4 /* WeatherTracker */,
				5177C07B2D3ECD4800BF51C4 /* WeatherTrackerTests */,
				5177C0852D3ECD4800BF51C4 /* WeatherTrackerUITests */,
				5177C0692D3ECD4700BF51C4 /* Products */,
			);
			sourceTree = "<group>";
		};
		5177C0692D3ECD4700BF51C4 /* Products */ = {
			isa = PBXGroup;
			children = (
				5177C0682D3ECD4700BF51C4 /* WeatherTracker.app */,
				5177C0782D3ECD4800BF51C4 /* WeatherTrackerTests.xctest */,
				5177C0822D3ECD4800BF51C4 /* WeatherTrackerUITests.xctest */,
			);
			name = Products;
			sourceTree = "<group>";
		};
		5177C06A2D3ECD4700BF51C4 /* WeatherTracker */ = {
			isa = PBXGroup;
			children = (
				5177C0ED2D3F0E5100BF51C4 /* Info.plist */,
				5177C0C42D3F0D7C00BF51C4 /* Fonts */,
				5177C0B62D3EFD0000BF51C4 /* Extensions */,
				5177C0AF2D3EE9D900BF51C4 /* Components */,
				5177C0AA2D3EE8BE00BF51C4 /* CitySearchView */,
				5177C0A72D3EDF0000BF51C4 /* CityWeatherView */,
				5177C09F2D3ED9CB00BF51C4 /* WeatherView */,
				5177C0982D3ED12100BF51C4 /* WeatherResponse */,
				5177C0952D3ECF3600BF51C4 /* AppAPI */,
				5177C06B2D3ECD4700BF51C4 /* WeatherTrackerApp.swift */,
				5177C06F2D3ECD4800BF51C4 /* Assets.xcassets */,
				5177C0712D3ECD4800BF51C4 /* Preview Content */,
			);
			path = WeatherTracker;
			sourceTree = "<group>";
		};
		5177C0712D3ECD4800BF51C4 /* Preview Content */ = {
			isa = PBXGroup;
			children = (
				5177C0722D3ECD4800BF51C4 /* Preview Assets.xcassets */,
			);
			path = "Preview Content";
			sourceTree = "<group>";
		};
		5177C07B2D3ECD4800BF51C4 /* WeatherTrackerTests */ = {
			isa = PBXGroup;
			children = (
				5177C07C2D3ECD4800BF51C4 /* WeatherTrackerTests.swift */,
			);
			path = WeatherTrackerTests;
			sourceTree = "<group>";
		};
		5177C0852D3ECD4800BF51C4 /* WeatherTrackerUITests */ = {
			isa = PBXGroup;
			children = (
				5177C0862D3ECD4800BF51C4 /* WeatherTrackerUITests.swift */,
				5177C0882D3ECD4800BF51C4 /* WeatherTrackerUITestsLaunchTests.swift */,
			);
			path = WeatherTrackerUITests;
			sourceTree = "<group>";
		};
		5177C0952D3ECF3600BF51C4 /* AppAPI */ = {
			isa = PBXGroup;
			children = (
				5177C0962D3ECF4A00BF51C4 /* WeatherProviderAPI.swift */,
				5177C09B2D3ED41400BF51C4 /* NetworkError.swift */,
				5177C0EE2D3FFCF100BF51C4 /* NetworkService.swift */,
			);
			path = AppAPI;
			sourceTree = "<group>";
		};
		5177C0982D3ED12100BF51C4 /* WeatherResponse */ = {
			isa = PBXGroup;
			children = (
				5177C0992D3ED13100BF51C4 /* WeatherResponse.swift */,
			);
			path = WeatherResponse;
			sourceTree = "<group>";
		};
		5177C09F2D3ED9CB00BF51C4 /* WeatherView */ = {
			isa = PBXGroup;
			children = (
				5177C0A02D3ED9DB00BF51C4 /* WeatherView.swift */,
				5177C0A22D3EDA1F00BF51C4 /* WeatherViewModel.swift */,
			);
			path = WeatherView;
			sourceTree = "<group>";
		};
		5177C0A72D3EDF0000BF51C4 /* CityWeatherView */ = {
			isa = PBXGroup;
			children = (
				5177C0A82D3EDF2200BF51C4 /* CityWeatherView.swift */,
				5177C0A52D3EDA9500BF51C4 /* NoCitySelectedView.swift */,
			);
			path = CityWeatherView;
			sourceTree = "<group>";
		};
		5177C0AA2D3EE8BE00BF51C4 /* CitySearchView */ = {
			isa = PBXGroup;
			children = (
				5177C0AB2D3EE8CF00BF51C4 /* CitySearchView.swift */,
				5177C0AD2D3EE8DC00BF51C4 /* CitySearchCard.swift */,
			);
			path = CitySearchView;
			sourceTree = "<group>";
		};
		5177C0AF2D3EE9D900BF51C4 /* Components */ = {
			isa = PBXGroup;
			children = (
				5177C0B02D3EE9E300BF51C4 /* WeatherIconView.swift */,
				5177C0BB2D3F009E00BF51C4 /* WeatherValueStack.swift */,
				5177C0BD2D3F04BB00BF51C4 /* ErrorView.swift */,
				5177C0C22D3F0B9200BF51C4 /* WeatherTrackerText.swift */,
			);
			path = Components;
			sourceTree = "<group>";
		};
		5177C0B62D3EFD0000BF51C4 /* Extensions */ = {
			isa = PBXGroup;
			children = (
				5177C0B72D3EFD0E00BF51C4 /* Color+Extensions.swift */,
			);
			path = Extensions;
			sourceTree = "<group>";
		};
		5177C0C42D3F0D7C00BF51C4 /* Fonts */ = {
			isa = PBXGroup;
			children = (
				5177C0EC2D3F0E4100BF51C4 /* Poppins-Regular.ttf */,
			);
			path = Fonts;
			sourceTree = "<group>";
		};
/* End PBXGroup section */

/* Begin PBXNativeTarget section */
		5177C0672D3ECD4700BF51C4 /* WeatherTracker */ = {
			isa = PBXNativeTarget;
			buildConfigurationList = 5177C08C2D3ECD4800BF51C4 /* Build configuration list for PBXNativeTarget "WeatherTracker" */;
			buildPhases = (
				5177C0642D3ECD4700BF51C4 /* Sources */,
				5177C0652D3ECD4700BF51C4 /* Frameworks */,
				5177C0662D3ECD4700BF51C4 /* Resources */,
			);
			buildRules = (
			);
			dependencies = (
			);
			name = WeatherTracker;
			productName = WeatherTracker;
			productReference = 5177C0682D3ECD4700BF51C4 /* WeatherTracker.app */;
			productType = "com.apple.product-type.application";
		};
		5177C0772D3ECD4800BF51C4 /* WeatherTrackerTests */ = {
			isa = PBXNativeTarget;
			buildConfigurationList = 5177C08F2D3ECD4800BF51C4 /* Build configuration list for PBXNativeTarget "WeatherTrackerTests" */;
			buildPhases = (
				5177C0742D3ECD4800BF51C4 /* Sources */,
				5177C0752D3ECD4800BF51C4 /* Frameworks */,
				5177C0762D3ECD4800BF51C4 /* Resources */,
			);
			buildRules = (
			);
			dependencies = (
				5177C07A2D3ECD4800BF51C4 /* PBXTargetDependency */,
			);
			name = WeatherTrackerTests;
			productName = WeatherTrackerTests;
			productReference = 5177C0782D3ECD4800BF51C4 /* WeatherTrackerTests.xctest */;
			productType = "com.apple.product-type.bundle.unit-test";
		};
		5177C0812D3ECD4800BF51C4 /* WeatherTrackerUITests */ = {
			isa = PBXNativeTarget;
			buildConfigurationList = 5177C0922D3ECD4800BF51C4 /* Build configuration list for PBXNativeTarget "WeatherTrackerUITests" */;
			buildPhases = (
				5177C07E2D3ECD4800BF51C4 /* Sources */,
				5177C07F2D3ECD4800BF51C4 /* Frameworks */,
				5177C0802D3ECD4800BF51C4 /* Resources */,
			);
			buildRules = (
			);
			dependencies = (
				5177C0842D3ECD4800BF51C4 /* PBXTargetDependency */,
			);
			name = WeatherTrackerUITests;
			productName = WeatherTrackerUITests;
			productReference = 5177C0822D3ECD4800BF51C4 /* WeatherTrackerUITests.xctest */;
			productType = "com.apple.product-type.bundle.ui-testing";
		};
/* End PBXNativeTarget section */

/* Begin PBXProject section */
		5177C0602D3ECD4700BF51C4 /* Project object */ = {
			isa = PBXProject;
			attributes = {
				BuildIndependentTargetsInParallel = 1;
				LastSwiftUpdateCheck = 1510;
				LastUpgradeCheck = 1510;
				TargetAttributes = {
					5177C0672D3ECD4700BF51C4 = {
						CreatedOnToolsVersion = 15.1;
					};
					5177C0772D3ECD4800BF51C4 = {
						CreatedOnToolsVersion = 15.1;
						TestTargetID = 5177C0672D3ECD4700BF51C4;
					};
					5177C0812D3ECD4800BF51C4 = {
						CreatedOnToolsVersion = 15.1;
						TestTargetID = 5177C0672D3ECD4700BF51C4;
					};
				};
			};
			buildConfigurationList = 5177C0632D3ECD4700BF51C4 /* Build configuration list for PBXProject "WeatherTracker" */;
			compatibilityVersion = "Xcode 14.0";
			developmentRegion = en;
			hasScannedForEncodings = 0;
			knownRegions = (
				en,
				Base,
			);
			mainGroup = 5177C05F2D3ECD4700BF51C4;
			productRefGroup = 5177C0692D3ECD4700BF51C4 /* Products */;
			projectDirPath = "";
			projectRoot = "";
			targets = (
				5177C0672D3ECD4700BF51C4 /* WeatherTracker */,
				5177C0772D3ECD4800BF51C4 /* WeatherTrackerTests */,
				5177C0812D3ECD4800BF51C4 /* WeatherTrackerUITests */,
			);
		};
/* End PBXProject section */

/* Begin PBXResourcesBuildPhase section */
		5177C0662D3ECD4700BF51C4 /* Resources */ = {
			isa = PBXResourcesBuildPhase;
			buildActionMask = 2147483647;
			files = (
				5177C0732D3ECD4800BF51C4 /* Preview Assets.xcassets in Resources */,
				5177C0702D3ECD4800BF51C4 /* Assets.xcassets in Resources */,
			);
			runOnlyForDeploymentPostprocessing = 0;
		};
		5177C0762D3ECD4800BF51C4 /* Resources */ = {
			isa = PBXResourcesBuildPhase;
			buildActionMask = 2147483647;
			files = (
			);
			runOnlyForDeploymentPostprocessing = 0;
		};
		5177C0802D3ECD4800BF51C4 /* Resources */ = {
			isa = PBXResourcesBuildPhase;
			buildActionMask = 2147483647;
			files = (
			);
			runOnlyForDeploymentPostprocessing = 0;
		};
/* End PBXResourcesBuildPhase section */

/* Begin PBXSourcesBuildPhase section */
		5177C0642D3ECD4700BF51C4 /* Sources */ = {
			isa = PBXSourcesBuildPhase;
			buildActionMask = 2147483647;
			files = (
				5177C06C2D3ECD4700BF51C4 /* WeatherTrackerApp.swift in Sources */,
				5177C0B12D3EE9E300BF51C4 /* WeatherIconView.swift in Sources */,
				5177C0C32D3F0B9200BF51C4 /* WeatherTrackerText.swift in Sources */,
				5177C0972D3ECF4A00BF51C4 /* WeatherProviderAPI.swift in Sources */,
				5177C0A32D3EDA1F00BF51C4 /* WeatherViewModel.swift in Sources */,
				5177C0A12D3ED9DB00BF51C4 /* WeatherView.swift in Sources */,
				5177C0A62D3EDA9500BF51C4 /* NoCitySelectedView.swift in Sources */,
				5177C09A2D3ED13100BF51C4 /* WeatherResponse.swift in Sources */,
				5177C0AE2D3EE8DC00BF51C4 /* CitySearchCard.swift in Sources */,
				5177C09C2D3ED41400BF51C4 /* NetworkError.swift in Sources */,
				5177C0EF2D3FFCF100BF51C4 /* NetworkService.swift in Sources */,
				5177C0A92D3EDF2200BF51C4 /* CityWeatherView.swift in Sources */,
				5177C0AC2D3EE8CF00BF51C4 /* CitySearchView.swift in Sources */,
				5177C0BE2D3F04BB00BF51C4 /* ErrorView.swift in Sources */,
				5177C0BC2D3F009E00BF51C4 /* WeatherValueStack.swift in Sources */,
				5177C0B82D3EFD0E00BF51C4 /* Color+Extensions.swift in Sources */,
			);
			runOnlyForDeploymentPostprocessing = 0;
		};
		5177C0742D3ECD4800BF51C4 /* Sources */ = {
			isa = PBXSourcesBuildPhase;
			buildActionMask = 2147483647;
			files = (
				5177C07D2D3ECD4800BF51C4 /* WeatherTrackerTests.swift in Sources */,
			);
			runOnlyForDeploymentPostprocessing = 0;
		};
		5177C07E2D3ECD4800BF51C4 /* Sources */ = {
			isa = PBXSourcesBuildPhase;
			buildActionMask = 2147483647;
			files = (
				5177C0892D3ECD4800BF51C4 /* WeatherTrackerUITestsLaunchTests.swift in Sources */,
				5177C0872D3ECD4800BF51C4 /* WeatherTrackerUITests.swift in Sources */,
			);
			runOnlyForDeploymentPostprocessing = 0;
		};
/* End PBXSourcesBuildPhase section */

/* Begin PBXTargetDependency section */
		5177C07A2D3ECD4800BF51C4 /* PBXTargetDependency */ = {
			isa = PBXTargetDependency;
			target = 5177C0672D3ECD4700BF51C4 /* WeatherTracker */;
			targetProxy = 5177C0792D3ECD4800BF51C4 /* PBXContainerItemProxy */;
		};
		5177C0842D3ECD4800BF51C4 /* PBXTargetDependency */ = {
			isa = PBXTargetDependency;
			target = 5177C0672D3ECD4700BF51C4 /* WeatherTracker */;
			targetProxy = 5177C0832D3ECD4800BF51C4 /* PBXContainerItemProxy */;
		};
/* End PBXTargetDependency section */

/* Begin XCBuildConfiguration section */
		5177C08A2D3ECD4800BF51C4 /* Debug */ = {
			isa = XCBuildConfiguration;
			buildSettings = {
				ALWAYS_SEARCH_USER_PATHS = NO;
				ASSETCATALOG_COMPILER_GENERATE_SWIFT_ASSET_SYMBOL_EXTENSIONS = YES;
				CLANG_ANALYZER_NONNULL = YES;
				CLANG_ANALYZER_NUMBER_OBJECT_CONVERSION = YES_AGGRESSIVE;
				CLANG_CXX_LANGUAGE_STANDARD = "gnu++20";
				CLANG_ENABLE_MODULES = YES;
				CLANG_ENABLE_OBJC_ARC = YES;
				CLANG_ENABLE_OBJC_WEAK = YES;
				CLANG_WARN_BLOCK_CAPTURE_AUTORELEASING = YES;
				CLANG_WARN_BOOL_CONVERSION = YES;
				CLANG_WARN_COMMA = YES;
				CLANG_WARN_CONSTANT_CONVERSION = YES;
				CLANG_WARN_DEPRECATED_OBJC_IMPLEMENTATIONS = YES;
				CLANG_WARN_DIRECT_OBJC_ISA_USAGE = YES_ERROR;
				CLANG_WARN_DOCUMENTATION_COMMENTS = YES;
				CLANG_WARN_EMPTY_BODY = YES;
				CLANG_WARN_ENUM_CONVERSION = YES;
				CLANG_WARN_INFINITE_RECURSION = YES;
				CLANG_WARN_INT_CONVERSION = YES;
				CLANG_WARN_NON_LITERAL_NULL_CONVERSION = YES;
				CLANG_WARN_OBJC_IMPLICIT_RETAIN_SELF = YES;
				CLANG_WARN_OBJC_LITERAL_CONVERSION = YES;
				CLANG_WARN_OBJC_ROOT_CLASS = YES_ERROR;
				CLANG_WARN_QUOTED_INCLUDE_IN_FRAMEWORK_HEADER = YES;
				CLANG_WARN_RANGE_LOOP_ANALYSIS = YES;
				CLANG_WARN_STRICT_PROTOTYPES = YES;
				CLANG_WARN_SUSPICIOUS_MOVE = YES;
				CLANG_WARN_UNGUARDED_AVAILABILITY = YES_AGGRESSIVE;
				CLANG_WARN_UNREACHABLE_CODE = YES;
				CLANG_WARN__DUPLICATE_METHOD_MATCH = YES;
				COPY_PHASE_STRIP = NO;
				DEBUG_INFORMATION_FORMAT = dwarf;
				ENABLE_STRICT_OBJC_MSGSEND = YES;
				ENABLE_TESTABILITY = YES;
				ENABLE_USER_SCRIPT_SANDBOXING = YES;
				GCC_C_LANGUAGE_STANDARD = gnu17;
				GCC_DYNAMIC_NO_PIC = NO;
				GCC_NO_COMMON_BLOCKS = YES;
				GCC_OPTIMIZATION_LEVEL = 0;
				GCC_PREPROCESSOR_DEFINITIONS = (
					"DEBUG=1",
					"$(inherited)",
				);
				GCC_WARN_64_TO_32_BIT_CONVERSION = YES;
				GCC_WARN_ABOUT_RETURN_TYPE = YES_ERROR;
				GCC_WARN_UNDECLARED_SELECTOR = YES;
				GCC_WARN_UNINITIALIZED_AUTOS = YES_AGGRESSIVE;
				GCC_WARN_UNUSED_FUNCTION = YES;
				GCC_WARN_UNUSED_VARIABLE = YES;
				IPHONEOS_DEPLOYMENT_TARGET = 17.2;
				LOCALIZATION_PREFERS_STRING_CATALOGS = YES;
				MTL_ENABLE_DEBUG_INFO = INCLUDE_SOURCE;
				MTL_FAST_MATH = YES;
				ONLY_ACTIVE_ARCH = YES;
				SDKROOT = iphoneos;
				SWIFT_ACTIVE_COMPILATION_CONDITIONS = "DEBUG $(inherited)";
				SWIFT_OPTIMIZATION_LEVEL = "-Onone";
			};
			name = Debug;
		};
		5177C08B2D3ECD4800BF51C4 /* Release */ = {
			isa = XCBuildConfiguration;
			buildSettings = {
				ALWAYS_SEARCH_USER_PATHS = NO;
				ASSETCATALOG_COMPILER_GENERATE_SWIFT_ASSET_SYMBOL_EXTENSIONS = YES;
				CLANG_ANALYZER_NONNULL = YES;
				CLANG_ANALYZER_NUMBER_OBJECT_CONVERSION = YES_AGGRESSIVE;
				CLANG_CXX_LANGUAGE_STANDARD = "gnu++20";
				CLANG_ENABLE_MODULES = YES;
				CLANG_ENABLE_OBJC_ARC = YES;
				CLANG_ENABLE_OBJC_WEAK = YES;
				CLANG_WARN_BLOCK_CAPTURE_AUTORELEASING = YES;
				CLANG_WARN_BOOL_CONVERSION = YES;
				CLANG_WARN_COMMA = YES;
				CLANG_WARN_CONSTANT_CONVERSION = YES;
				CLANG_WARN_DEPRECATED_OBJC_IMPLEMENTATIONS = YES;
				CLANG_WARN_DIRECT_OBJC_ISA_USAGE = YES_ERROR;
				CLANG_WARN_DOCUMENTATION_COMMENTS = YES;
				CLANG_WARN_EMPTY_BODY = YES;
				CLANG_WARN_ENUM_CONVERSION = YES;
				CLANG_WARN_INFINITE_RECURSION = YES;
				CLANG_WARN_INT_CONVERSION = YES;
				CLANG_WARN_NON_LITERAL_NULL_CONVERSION = YES;
				CLANG_WARN_OBJC_IMPLICIT_RETAIN_SELF = YES;
				CLANG_WARN_OBJC_LITERAL_CONVERSION = YES;
				CLANG_WARN_OBJC_ROOT_CLASS = YES_ERROR;
				CLANG_WARN_QUOTED_INCLUDE_IN_FRAMEWORK_HEADER = YES;
				CLANG_WARN_RANGE_LOOP_ANALYSIS = YES;
				CLANG_WARN_STRICT_PROTOTYPES = YES;
				CLANG_WARN_SUSPICIOUS_MOVE = YES;
				CLANG_WARN_UNGUARDED_AVAILABILITY = YES_AGGRESSIVE;
				CLANG_WARN_UNREACHABLE_CODE = YES;
				CLANG_WARN__DUPLICATE_METHOD_MATCH = YES;
				COPY_PHASE_STRIP = NO;
				DEBUG_INFORMATION_FORMAT = "dwarf-with-dsym";
				ENABLE_NS_ASSERTIONS = NO;
				ENABLE_STRICT_OBJC_MSGSEND = YES;
				ENABLE_USER_SCRIPT_SANDBOXING = YES;
				GCC_C_LANGUAGE_STANDARD = gnu17;
				GCC_NO_COMMON_BLOCKS = YES;
				GCC_WARN_64_TO_32_BIT_CONVERSION = YES;
				GCC_WARN_ABOUT_RETURN_TYPE = YES_ERROR;
				GCC_WARN_UNDECLARED_SELECTOR = YES;
				GCC_WARN_UNINITIALIZED_AUTOS = YES_AGGRESSIVE;
				GCC_WARN_UNUSED_FUNCTION = YES;
				GCC_WARN_UNUSED_VARIABLE = YES;
				IPHONEOS_DEPLOYMENT_TARGET = 17.2;
				LOCALIZATION_PREFERS_STRING_CATALOGS = YES;
				MTL_ENABLE_DEBUG_INFO = NO;
				MTL_FAST_MATH = YES;
				SDKROOT = iphoneos;
				SWIFT_COMPILATION_MODE = wholemodule;
				VALIDATE_PRODUCT = YES;
			};
			name = Release;
		};
		5177C08D2D3ECD4800BF51C4 /* Debug */ = {
			isa = XCBuildConfiguration;
			buildSettings = {
				ASSETCATALOG_COMPILER_APPICON_NAME = AppIcon;
				ASSETCATALOG_COMPILER_GLOBAL_ACCENT_COLOR_NAME = AccentColor;
				CODE_SIGN_STYLE = Automatic;
				CURRENT_PROJECT_VERSION = 1;
				DEVELOPMENT_ASSET_PATHS = "\"WeatherTracker/Preview Content\"";
				DEVELOPMENT_TEAM = 3RQF3ZLSWB;
				ENABLE_PREVIEWS = YES;
				GENERATE_INFOPLIST_FILE = YES;
				INFOPLIST_FILE = WeatherTracker/Info.plist;
				INFOPLIST_KEY_UIApplicationSceneManifest_Generation = YES;
				INFOPLIST_KEY_UIApplicationSupportsIndirectInputEvents = YES;
				INFOPLIST_KEY_UILaunchScreen_Generation = YES;
				INFOPLIST_KEY_UISupportedInterfaceOrientations_iPad = "UIInterfaceOrientationPortrait UIInterfaceOrientationPortraitUpsideDown UIInterfaceOrientationLandscapeLeft UIInterfaceOrientationLandscapeRight";
				INFOPLIST_KEY_UISupportedInterfaceOrientations_iPhone = "UIInterfaceOrientationPortrait UIInterfaceOrientationLandscapeLeft UIInterfaceOrientationLandscapeRight";
				LD_RUNPATH_SEARCH_PATHS = (
					"$(inherited)",
					"@executable_path/Frameworks",
				);
				MARKETING_VERSION = 1.0;
				PRODUCT_BUNDLE_IDENTIFIER = com.npbassett.WeatherTracker;
				PRODUCT_NAME = "$(TARGET_NAME)";
				SWIFT_EMIT_LOC_STRINGS = YES;
				SWIFT_VERSION = 5.0;
				TARGETED_DEVICE_FAMILY = "1,2";
			};
			name = Debug;
		};
		5177C08E2D3ECD4800BF51C4 /* Release */ = {
			isa = XCBuildConfiguration;
			buildSettings = {
				ASSETCATALOG_COMPILER_APPICON_NAME = AppIcon;
				ASSETCATALOG_COMPILER_GLOBAL_ACCENT_COLOR_NAME = AccentColor;
				CODE_SIGN_STYLE = Automatic;
				CURRENT_PROJECT_VERSION = 1;
				DEVELOPMENT_ASSET_PATHS = "\"WeatherTracker/Preview Content\"";
				DEVELOPMENT_TEAM = 3RQF3ZLSWB;
				ENABLE_PREVIEWS = YES;
				GENERATE_INFOPLIST_FILE = YES;
				INFOPLIST_FILE = WeatherTracker/Info.plist;
				INFOPLIST_KEY_UIApplicationSceneManifest_Generation = YES;
				INFOPLIST_KEY_UIApplicationSupportsIndirectInputEvents = YES;
				INFOPLIST_KEY_UILaunchScreen_Generation = YES;
				INFOPLIST_KEY_UISupportedInterfaceOrientations_iPad = "UIInterfaceOrientationPortrait UIInterfaceOrientationPortraitUpsideDown UIInterfaceOrientationLandscapeLeft UIInterfaceOrientationLandscapeRight";
				INFOPLIST_KEY_UISupportedInterfaceOrientations_iPhone = "UIInterfaceOrientationPortrait UIInterfaceOrientationLandscapeLeft UIInterfaceOrientationLandscapeRight";
				LD_RUNPATH_SEARCH_PATHS = (
					"$(inherited)",
					"@executable_path/Frameworks",
				);
				MARKETING_VERSION = 1.0;
				PRODUCT_BUNDLE_IDENTIFIER = com.npbassett.WeatherTracker;
				PRODUCT_NAME = "$(TARGET_NAME)";
				SWIFT_EMIT_LOC_STRINGS = YES;
				SWIFT_VERSION = 5.0;
				TARGETED_DEVICE_FAMILY = "1,2";
			};
			name = Release;
		};
		5177C0902D3ECD4800BF51C4 /* Debug */ = {
			isa = XCBuildConfiguration;
			buildSettings = {
				ALWAYS_EMBED_SWIFT_STANDARD_LIBRARIES = YES;
				BUNDLE_LOADER = "$(TEST_HOST)";
				CODE_SIGN_STYLE = Automatic;
				CURRENT_PROJECT_VERSION = 1;
				DEVELOPMENT_TEAM = 3RQF3ZLSWB;
				GENERATE_INFOPLIST_FILE = YES;
				IPHONEOS_DEPLOYMENT_TARGET = 17.2;
				MARKETING_VERSION = 1.0;
				PRODUCT_BUNDLE_IDENTIFIER = com.npbassett.WeatherTrackerTests;
				PRODUCT_NAME = "$(TARGET_NAME)";
				SWIFT_EMIT_LOC_STRINGS = NO;
				SWIFT_VERSION = 5.0;
				TARGETED_DEVICE_FAMILY = "1,2";
				TEST_HOST = "$(BUILT_PRODUCTS_DIR)/WeatherTracker.app/$(BUNDLE_EXECUTABLE_FOLDER_PATH)/WeatherTracker";
			};
			name = Debug;
		};
		5177C0912D3ECD4800BF51C4 /* Release */ = {
			isa = XCBuildConfiguration;
			buildSettings = {
				ALWAYS_EMBED_SWIFT_STANDARD_LIBRARIES = YES;
				BUNDLE_LOADER = "$(TEST_HOST)";
				CODE_SIGN_STYLE = Automatic;
				CURRENT_PROJECT_VERSION = 1;
				DEVELOPMENT_TEAM = 3RQF3ZLSWB;
				GENERATE_INFOPLIST_FILE = YES;
				IPHONEOS_DEPLOYMENT_TARGET = 17.2;
				MARKETING_VERSION = 1.0;
				PRODUCT_BUNDLE_IDENTIFIER = com.npbassett.WeatherTrackerTests;
				PRODUCT_NAME = "$(TARGET_NAME)";
				SWIFT_EMIT_LOC_STRINGS = NO;
				SWIFT_VERSION = 5.0;
				TARGETED_DEVICE_FAMILY = "1,2";
				TEST_HOST = "$(BUILT_PRODUCTS_DIR)/WeatherTracker.app/$(BUNDLE_EXECUTABLE_FOLDER_PATH)/WeatherTracker";
			};
			name = Release;
		};
		5177C0932D3ECD4800BF51C4 /* Debug */ = {
			isa = XCBuildConfiguration;
			buildSettings = {
				ALWAYS_EMBED_SWIFT_STANDARD_LIBRARIES = YES;
				CODE_SIGN_STYLE = Automatic;
				CURRENT_PROJECT_VERSION = 1;
				DEVELOPMENT_TEAM = 3RQF3ZLSWB;
				GENERATE_INFOPLIST_FILE = YES;
				MARKETING_VERSION = 1.0;
				PRODUCT_BUNDLE_IDENTIFIER = com.npbassett.WeatherTrackerUITests;
				PRODUCT_NAME = "$(TARGET_NAME)";
				SWIFT_EMIT_LOC_STRINGS = NO;
				SWIFT_VERSION = 5.0;
				TARGETED_DEVICE_FAMILY = "1,2";
				TEST_TARGET_NAME = WeatherTracker;
			};
			name = Debug;
		};
		5177C0942D3ECD4800BF51C4 /* Release */ = {
			isa = XCBuildConfiguration;
			buildSettings = {
				ALWAYS_EMBED_SWIFT_STANDARD_LIBRARIES = YES;
				CODE_SIGN_STYLE = Automatic;
				CURRENT_PROJECT_VERSION = 1;
				DEVELOPMENT_TEAM = 3RQF3ZLSWB;
				GENERATE_INFOPLIST_FILE = YES;
				MARKETING_VERSION = 1.0;
				PRODUCT_BUNDLE_IDENTIFIER = com.npbassett.WeatherTrackerUITests;
				PRODUCT_NAME = "$(TARGET_NAME)";
				SWIFT_EMIT_LOC_STRINGS = NO;
				SWIFT_VERSION = 5.0;
				TARGETED_DEVICE_FAMILY = "1,2";
				TEST_TARGET_NAME = WeatherTracker;
			};
			name = Release;
		};
/* End XCBuildConfiguration section */

/* Begin XCConfigurationList section */
		5177C0632D3ECD4700BF51C4 /* Build configuration list for PBXProject "WeatherTracker" */ = {
			isa = XCConfigurationList;
			buildConfigurations = (
				5177C08A2D3ECD4800BF51C4 /* Debug */,
				5177C08B2D3ECD4800BF51C4 /* Release */,
			);
			defaultConfigurationIsVisible = 0;
			defaultConfigurationName = Release;
		};
		5177C08C2D3ECD4800BF51C4 /* Build configuration list for PBXNativeTarget "WeatherTracker" */ = {
			isa = XCConfigurationList;
			buildConfigurations = (
				5177C08D2D3ECD4800BF51C4 /* Debug */,
				5177C08E2D3ECD4800BF51C4 /* Release */,
			);
			defaultConfigurationIsVisible = 0;
			defaultConfigurationName = Release;
		};
		5177C08F2D3ECD4800BF51C4 /* Build configuration list for PBXNativeTarget "WeatherTrackerTests" */ = {
			isa = XCConfigurationList;
			buildConfigurations = (
				5177C0902D3ECD4800BF51C4 /* Debug */,
				5177C0912D3ECD4800BF51C4 /* Release */,
			);
			defaultConfigurationIsVisible = 0;
			defaultConfigurationName = Release;
		};
		5177C0922D3ECD4800BF51C4 /* Build configuration list for PBXNativeTarget "WeatherTrackerUITests" */ = {
			isa = XCConfigurationList;
			buildConfigurations = (
				5177C0932D3ECD4800BF51C4 /* Debug */,
				5177C0942D3ECD4800BF51C4 /* Release */,
			);
			defaultConfigurationIsVisible = 0;
			defaultConfigurationName = Release;
		};
/* End XCConfigurationList section */
	};
	rootObject = 5177C0602D3ECD4700BF51C4 /* Project object */;
}
